
Microsoft Visual Studio Solution File, Format Version 12.00
# Visual Studio Version 17
VisualStudioVersion = 17.3.32901.215
MinimumVisualStudioVersion = 10.0.40219.1
Project("{FAE04EC0-301F-11D3-BF4B-00C04F79EFBC}") = "for dongusu 4_1359", "for dongusu 4_1359\for dongusu 4_1359.csproj", "{45B8F034-73E6-4F0C-92EB-FF1006339207}"
EndProject
Global
	GlobalSection(SolutionConfigurationPlatforms) = preSolution
		Debug|Any CPU = Debug|Any CPU
		Release|Any CPU = Release|Any CPU
	EndGlobalSection
	GlobalSection(ProjectConfigurationPlatforms) = postSolution
		{45B8F034-73E6-4F0C-92EB-FF1006339207}.Debug|Any CPU.ActiveCfg = Debug|Any CPU
		{45B8F034-73E6-4F0C-92EB-FF1006339207}.Debug|Any CPU.Build.0 = Debug|Any CPU
		{45B8F034-73E6-4F0C-92EB-FF1006339207}.Release|Any CPU.ActiveCfg = Release|Any CPU
		{45B8F034-73E6-4F0C-92EB-FF1006339207}.Release|Any CPU.Build.0 = Release|Any CPU
	EndGlobalSection
	GlobalSection(SolutionProperties) = preSolution
		HideSolutionNode = FALSE
	EndGlobalSection
	GlobalSection(ExtensibilityGlobals) = postSolution
		SolutionGuid = {B2D2062B-84C5-49D4-B329-8E224975B368}
	EndGlobalSection
EndGlobal
